
Microsoft Visual Studio Solution File, Format Version 12.00
# Visual Studio 14
VisualStudioVersion = 14.0.24720.0
MinimumVisualStudioVersion = 10.0.40219.1
Project("{FAE04EC0-301F-11D3-BF4B-00C04F79EFBC}") = "coffee_pos_603410061-2", "POS\coffee_pos_603410061-2.csproj", "{E8BA13D2-75E9-4A29-ADBD-1AD7B338C71E}"
EndProject
Global
	GlobalSection(SolutionConfigurationPlatforms) = preSolution
		Debug|Any CPU = Debug|Any CPU
		Release|Any CPU = Release|Any CPU
	EndGlobalSection
	GlobalSection(ProjectConfigurationPlatforms) = postSolution
		{E8BA13D2-75E9-4A29-ADBD-1AD7B338C71E}.Debug|Any CPU.ActiveCfg = Debug|Any CPU
		{E8BA13D2-75E9-4A29-ADBD-1AD7B338C71E}.Debug|Any CPU.Build.0 = Debug|Any CPU
		{E8BA13D2-75E9-4A29-ADBD-1AD7B338C71E}.Release|Any CPU.ActiveCfg = Release|Any CPU
		{E8BA13D2-75E9-4A29-ADBD-1AD7B338C71E}.Release|Any CPU.Build.0 = Release|Any CPU
	EndGlobalSection
	GlobalSection(SolutionProperties) = preSolution
		HideSolutionNode = FALSE
	EndGlobalSection
EndGlobal
